// !$*UTF8*$!
{
	archiveVersion = 1;
	classes = {
	};
	objectVersion = 50;
	objects = {

/* Begin PBXBuildFile section */
		511BE180275BAE89001C3B1C /* FunseumApp.swift in Sources */ = {isa = PBXBuildFile; fileRef = 511BE17F275BAE89001C3B1C /* FunseumApp.swift */; };
		511BE182275BAE89001C3B1C /* ContentView.swift in Sources */ = {isa = PBXBuildFile; fileRef = 511BE181275BAE89001C3B1C /* ContentView.swift */; };
		511BE184275BAE8A001C3B1C /* Assets.xcassets in Resources */ = {isa = PBXBuildFile; fileRef = 511BE183275BAE8A001C3B1C /* Assets.xcassets */; };
		511BE187275BAE8A001C3B1C /* Preview Assets.xcassets in Resources */ = {isa = PBXBuildFile; fileRef = 511BE186275BAE8A001C3B1C /* Preview Assets.xcassets */; };
		511BE18F275BAF0D001C3B1C /* SigninView.swift in Sources */ = {isa = PBXBuildFile; fileRef = 511BE18E275BAF0D001C3B1C /* SigninView.swift */; };
		511BE191275BAF60001C3B1C /* SignupView.swift in Sources */ = {isa = PBXBuildFile; fileRef = 511BE190275BAF60001C3B1C /* SignupView.swift */; };
		511BE193275BAF95001C3B1C /* BookingView.swift in Sources */ = {isa = PBXBuildFile; fileRef = 511BE192275BAF95001C3B1C /* BookingView.swift */; };
		511BE195275BAFAA001C3B1C /* PaymentView.swift in Sources */ = {isa = PBXBuildFile; fileRef = 511BE194275BAFAA001C3B1C /* PaymentView.swift */; };
		511BE197275BAFD3001C3B1C /* TicketView.swift in Sources */ = {isa = PBXBuildFile; fileRef = 511BE196275BAFD3001C3B1C /* TicketView.swift */; };
		511BE199275BB01F001C3B1C /* QRScanView.swift in Sources */ = {isa = PBXBuildFile; fileRef = 511BE198275BB01F001C3B1C /* QRScanView.swift */; };
		511BE19B275BB048001C3B1C /* GalleryView.swift in Sources */ = {isa = PBXBuildFile; fileRef = 511BE19A275BB048001C3B1C /* GalleryView.swift */; };
		511BE1A0275BB2AE001C3B1C /* DatabaseHandler.swift in Sources */ = {isa = PBXBuildFile; fileRef = 511BE19F275BB2AE001C3B1C /* DatabaseHandler.swift */; };
		511BE1A6275BB402001C3B1C /* NotificationGenerator.swift in Sources */ = {isa = PBXBuildFile; fileRef = 511BE1A5275BB402001C3B1C /* NotificationGenerator.swift */; };
		511BE1A8275BB458001C3B1C /* TicketModel.swift in Sources */ = {isa = PBXBuildFile; fileRef = 511BE1A7275BB458001C3B1C /* TicketModel.swift */; };
		511BE1AC275BB4B0001C3B1C /* FrameModel.swift in Sources */ = {isa = PBXBuildFile; fileRef = 511BE1AB275BB4B0001C3B1C /* FrameModel.swift */; };
		51268C8D275C5935001A932D /* AccountValidator.swift in Sources */ = {isa = PBXBuildFile; fileRef = 51268C8C275C5935001A932D /* AccountValidator.swift */; };
		51268C90275C5A42001A932D /* SwiftyJSON.swift in Sources */ = {isa = PBXBuildFile; fileRef = 51268C8E275C5A42001A932D /* SwiftyJSON.swift */; };
		51268C92275EEC57001A932D /* ImagePicker.swift in Sources */ = {isa = PBXBuildFile; fileRef = 51268C91275EEC57001A932D /* ImagePicker.swift */; };
		51268C96275FBE12001A932D /* ImageLoader.swift in Sources */ = {isa = PBXBuildFile; fileRef = 51268C95275FBE12001A932D /* ImageLoader.swift */; };
		51268C98275FFDAA001A932D /* QRScanModel.swift in Sources */ = {isa = PBXBuildFile; fileRef = 51268C97275FFDAA001A932D /* QRScanModel.swift */; };
		51268C9A275FFEF2001A932D /* QRCodeScannerView.swift in Sources */ = {isa = PBXBuildFile; fileRef = 51268C99275FFEF2001A932D /* QRCodeScannerView.swift */; };
		51268C9C2760179E001A932D /* ImageMixer.swift in Sources */ = {isa = PBXBuildFile; fileRef = 51268C9B2760179E001A932D /* ImageMixer.swift */; };
		51AC1EEF2761C806008F4EEC /* AudioPlayer.swift in Sources */ = {isa = PBXBuildFile; fileRef = 51AC1EEE2761C806008F4EEC /* AudioPlayer.swift */; };
/* End PBXBuildFile section */

/* Begin PBXFileReference section */
		511BE17C275BAE89001C3B1C /* Funseum.app */ = {isa = PBXFileReference; explicitFileType = wrapper.application; includeInIndex = 0; path = Funseum.app; sourceTree = BUILT_PRODUCTS_DIR; };
		511BE17F275BAE89001C3B1C /* FunseumApp.swift */ = {isa = PBXFileReference; lastKnownFileType = sourcecode.swift; path = FunseumApp.swift; sourceTree = "<group>"; };
		511BE181275BAE89001C3B1C /* ContentView.swift */ = {isa = PBXFileReference; lastKnownFileType = sourcecode.swift; path = ContentView.swift; sourceTree = "<group>"; };
		511BE183275BAE8A001C3B1C /* Assets.xcassets */ = {isa = PBXFileReference; lastKnownFileType = folder.assetcatalog; path = Assets.xcassets; sourceTree = "<group>"; };
		511BE186275BAE8A001C3B1C /* Preview Assets.xcassets */ = {isa = PBXFileReference; lastKnownFileType = folder.assetcatalog; path = "Preview Assets.xcassets"; sourceTree = "<group>"; };
		511BE188275BAE8A001C3B1C /* Info.plist */ = {isa = PBXFileReference; lastKnownFileType = text.plist.xml; path = Info.plist; sourceTree = "<group>"; };
		511BE18E275BAF0D001C3B1C /* SigninView.swift */ = {isa = PBXFileReference; lastKnownFileType = sourcecode.swift; path = SigninView.swift; sourceTree = "<group>"; };
		511BE190275BAF60001C3B1C /* SignupView.swift */ = {isa = PBXFileReference; lastKnownFileType = sourcecode.swift; path = SignupView.swift; sourceTree = "<group>"; };
		511BE192275BAF95001C3B1C /* BookingView.swift */ = {isa = PBXFileReference; lastKnownFileType = sourcecode.swift; path = BookingView.swift; sourceTree = "<group>"; };
		511BE194275BAFAA001C3B1C /* PaymentView.swift */ = {isa = PBXFileReference; lastKnownFileType = sourcecode.swift; path = PaymentView.swift; sourceTree = "<group>"; };
		511BE196275BAFD3001C3B1C /* TicketView.swift */ = {isa = PBXFileReference; lastKnownFileType = sourcecode.swift; path = TicketView.swift; sourceTree = "<group>"; };
		511BE198275BB01F001C3B1C /* QRScanView.swift */ = {isa = PBXFileReference; lastKnownFileType = sourcecode.swift; path = QRScanView.swift; sourceTree = "<group>"; };
		511BE19A275BB048001C3B1C /* GalleryView.swift */ = {isa = PBXFileReference; lastKnownFileType = sourcecode.swift; path = GalleryView.swift; sourceTree = "<group>"; };
		511BE19F275BB2AE001C3B1C /* DatabaseHandler.swift */ = {isa = PBXFileReference; lastKnownFileType = sourcecode.swift; path = DatabaseHandler.swift; sourceTree = "<group>"; };
		511BE1A5275BB402001C3B1C /* NotificationGenerator.swift */ = {isa = PBXFileReference; lastKnownFileType = sourcecode.swift; path = NotificationGenerator.swift; sourceTree = "<group>"; };
		511BE1A7275BB458001C3B1C /* TicketModel.swift */ = {isa = PBXFileReference; lastKnownFileType = sourcecode.swift; path = TicketModel.swift; sourceTree = "<group>"; };
		511BE1AB275BB4B0001C3B1C /* FrameModel.swift */ = {isa = PBXFileReference; lastKnownFileType = sourcecode.swift; path = FrameModel.swift; sourceTree = "<group>"; };
		51268C8C275C5935001A932D /* AccountValidator.swift */ = {isa = PBXFileReference; lastKnownFileType = sourcecode.swift; path = AccountValidator.swift; sourceTree = "<group>"; };
		51268C8E275C5A42001A932D /* SwiftyJSON.swift */ = {isa = PBXFileReference; fileEncoding = 4; lastKnownFileType = sourcecode.swift; path = SwiftyJSON.swift; sourceTree = "<group>"; };
		51268C8F275C5A42001A932D /* SwiftyJSON.h */ = {isa = PBXFileReference; fileEncoding = 4; lastKnownFileType = sourcecode.c.h; path = SwiftyJSON.h; sourceTree = "<group>"; };
		51268C91275EEC57001A932D /* ImagePicker.swift */ = {isa = PBXFileReference; lastKnownFileType = sourcecode.swift; path = ImagePicker.swift; sourceTree = "<group>"; };
		51268C95275FBE12001A932D /* ImageLoader.swift */ = {isa = PBXFileReference; lastKnownFileType = sourcecode.swift; path = ImageLoader.swift; sourceTree = "<group>"; };
		51268C97275FFDAA001A932D /* QRScanModel.swift */ = {isa = PBXFileReference; lastKnownFileType = sourcecode.swift; path = QRScanModel.swift; sourceTree = "<group>"; };
		51268C99275FFEF2001A932D /* QRCodeScannerView.swift */ = {isa = PBXFileReference; lastKnownFileType = sourcecode.swift; path = QRCodeScannerView.swift; sourceTree = "<group>"; };
		51268C9B2760179E001A932D /* ImageMixer.swift */ = {isa = PBXFileReference; lastKnownFileType = sourcecode.swift; path = ImageMixer.swift; sourceTree = "<group>"; };
		51AC1EEE2761C806008F4EEC /* AudioPlayer.swift */ = {isa = PBXFileReference; lastKnownFileType = sourcecode.swift; path = AudioPlayer.swift; sourceTree = "<group>"; };
/* End PBXFileReference section */

/* Begin PBXFrameworksBuildPhase section */
		511BE179275BAE89001C3B1C /* Frameworks */ = {
			isa = PBXFrameworksBuildPhase;
			buildActionMask = 2147483647;
			files = (
			);
			runOnlyForDeploymentPostprocessing = 0;
		};
/* End PBXFrameworksBuildPhase section */

/* Begin PBXGroup section */
		511BE173275BAE89001C3B1C = {
			isa = PBXGroup;
			children = (
				511BE17E275BAE89001C3B1C /* Funseum */,
				511BE17D275BAE89001C3B1C /* Products */,
			);
			sourceTree = "<group>";
		};
		511BE17D275BAE89001C3B1C /* Products */ = {
			isa = PBXGroup;
			children = (
				511BE17C275BAE89001C3B1C /* Funseum.app */,
			);
			name = Products;
			sourceTree = "<group>";
		};
		511BE17E275BAE89001C3B1C /* Funseum */ = {
			isa = PBXGroup;
			children = (
				511BE17F275BAE89001C3B1C /* FunseumApp.swift */,
				511BE181275BAE89001C3B1C /* ContentView.swift */,
				511BE183275BAE8A001C3B1C /* Assets.xcassets */,
				511BE188275BAE8A001C3B1C /* Info.plist */,
				511BE185275BAE8A001C3B1C /* Preview Content */,
				511BE18E275BAF0D001C3B1C /* SigninView.swift */,
				511BE190275BAF60001C3B1C /* SignupView.swift */,
				511BE192275BAF95001C3B1C /* BookingView.swift */,
				511BE194275BAFAA001C3B1C /* PaymentView.swift */,
				511BE196275BAFD3001C3B1C /* TicketView.swift */,
				511BE198275BB01F001C3B1C /* QRScanView.swift */,
				511BE19A275BB048001C3B1C /* GalleryView.swift */,
				511BE19F275BB2AE001C3B1C /* DatabaseHandler.swift */,
				511BE1A5275BB402001C3B1C /* NotificationGenerator.swift */,
				511BE1A7275BB458001C3B1C /* TicketModel.swift */,
				511BE1AB275BB4B0001C3B1C /* FrameModel.swift */,
				51268C8C275C5935001A932D /* AccountValidator.swift */,
				51268C8F275C5A42001A932D /* SwiftyJSON.h */,
				51268C8E275C5A42001A932D /* SwiftyJSON.swift */,
				51268C91275EEC57001A932D /* ImagePicker.swift */,
				51268C95275FBE12001A932D /* ImageLoader.swift */,
				51268C97275FFDAA001A932D /* QRScanModel.swift */,
				51268C99275FFEF2001A932D /* QRCodeScannerView.swift */,
				51268C9B2760179E001A932D /* ImageMixer.swift */,
				51AC1EEE2761C806008F4EEC /* AudioPlayer.swift */,
			);
			path = Funseum;
			sourceTree = "<group>";
		};
		511BE185275BAE8A001C3B1C /* Preview Content */ = {
			isa = PBXGroup;
			children = (
				511BE186275BAE8A001C3B1C /* Preview Assets.xcassets */,
			);
			path = "Preview Content";
			sourceTree = "<group>";
		};
/* End PBXGroup section */

/* Begin PBXNativeTarget section */
		511BE17B275BAE89001C3B1C /* Funseum */ = {
			isa = PBXNativeTarget;
			buildConfigurationList = 511BE18B275BAE8A001C3B1C /* Build configuration list for PBXNativeTarget "Funseum" */;
			buildPhases = (
				511BE178275BAE89001C3B1C /* Sources */,
				511BE179275BAE89001C3B1C /* Frameworks */,
				511BE17A275BAE89001C3B1C /* Resources */,
			);
			buildRules = (
			);
			dependencies = (
			);
			name = Funseum;
			productName = Funseum;
			productReference = 511BE17C275BAE89001C3B1C /* Funseum.app */;
			productType = "com.apple.product-type.application";
		};
/* End PBXNativeTarget section */

/* Begin PBXProject section */
		511BE174275BAE89001C3B1C /* Project object */ = {
			isa = PBXProject;
			attributes = {
				LastSwiftUpdateCheck = 1250;
				LastUpgradeCheck = 1250;
				TargetAttributes = {
					511BE17B275BAE89001C3B1C = {
						CreatedOnToolsVersion = 12.5;
					};
				};
			};
			buildConfigurationList = 511BE177275BAE89001C3B1C /* Build configuration list for PBXProject "Funseum" */;
			compatibilityVersion = "Xcode 9.3";
			developmentRegion = en;
			hasScannedForEncodings = 0;
			knownRegions = (
				en,
				Base,
			);
			mainGroup = 511BE173275BAE89001C3B1C;
			productRefGroup = 511BE17D275BAE89001C3B1C /* Products */;
			projectDirPath = "";
			projectRoot = "";
			targets = (
				511BE17B275BAE89001C3B1C /* Funseum */,
			);
		};
/* End PBXProject section */

/* Begin PBXResourcesBuildPhase section */
		511BE17A275BAE89001C3B1C /* Resources */ = {
			isa = PBXResourcesBuildPhase;
			buildActionMask = 2147483647;
			files = (
				511BE187275BAE8A001C3B1C /* Preview Assets.xcassets in Resources */,
				511BE184275BAE8A001C3B1C /* Assets.xcassets in Resources */,
			);
			runOnlyForDeploymentPostprocessing = 0;
		};
/* End PBXResourcesBuildPhase section */

/* Begin PBXSourcesBuildPhase section */
		511BE178275BAE89001C3B1C /* Sources */ = {
			isa = PBXSourcesBuildPhase;
			buildActionMask = 2147483647;
			files = (
				511BE191275BAF60001C3B1C /* SignupView.swift in Sources */,
				511BE195275BAFAA001C3B1C /* PaymentView.swift in Sources */,
				511BE182275BAE89001C3B1C /* ContentView.swift in Sources */,
				51268C92275EEC57001A932D /* ImagePicker.swift in Sources */,
				511BE197275BAFD3001C3B1C /* TicketView.swift in Sources */,
				511BE1A6275BB402001C3B1C /* NotificationGenerator.swift in Sources */,
				511BE180275BAE89001C3B1C /* FunseumApp.swift in Sources */,
				511BE1A0275BB2AE001C3B1C /* DatabaseHandler.swift in Sources */,
				511BE1A8275BB458001C3B1C /* TicketModel.swift in Sources */,
				51268C9A275FFEF2001A932D /* QRCodeScannerView.swift in Sources */,
				511BE1AC275BB4B0001C3B1C /* FrameModel.swift in Sources */,
				51268C8D275C5935001A932D /* AccountValidator.swift in Sources */,
				51268C90275C5A42001A932D /* SwiftyJSON.swift in Sources */,
				511BE18F275BAF0D001C3B1C /* SigninView.swift in Sources */,
				51268C96275FBE12001A932D /* ImageLoader.swift in Sources */,
				51268C9C2760179E001A932D /* ImageMixer.swift in Sources */,
				511BE199275BB01F001C3B1C /* QRScanView.swift in Sources */,
				511BE19B275BB048001C3B1C /* GalleryView.swift in Sources */,
				511BE193275BAF95001C3B1C /* BookingView.swift in Sources */,
				51268C98275FFDAA001A932D /* QRScanModel.swift in Sources */,
				51AC1EEF2761C806008F4EEC /* AudioPlayer.swift in Sources */,
			);
			runOnlyForDeploymentPostprocessing = 0;
		};
/* End PBXSourcesBuildPhase section */

/* Begin XCBuildConfiguration section */
		511BE189275BAE8A001C3B1C /* Debug */ = {
			isa = XCBuildConfiguration;
			buildSettings = {
				ALWAYS_SEARCH_USER_PATHS = NO;
				CLANG_ANALYZER_NONNULL = YES;
				CLANG_ANALYZER_NUMBER_OBJECT_CONVERSION = YES_AGGRESSIVE;
				CLANG_CXX_LANGUAGE_STANDARD = "gnu++14";
				CLANG_CXX_LIBRARY = "libc++";
				CLANG_ENABLE_MODULES = YES;
				CLANG_ENABLE_OBJC_ARC = YES;
				CLANG_ENABLE_OBJC_WEAK = YES;
				CLANG_WARN_BLOCK_CAPTURE_AUTORELEASING = YES;
				CLANG_WARN_BOOL_CONVERSION = YES;
				CLANG_WARN_COMMA = YES;
				CLANG_WARN_CONSTANT_CONVERSION = YES;
				CLANG_WARN_DEPRECATED_OBJC_IMPLEMENTATIONS = YES;
				CLANG_WARN_DIRECT_OBJC_ISA_USAGE = YES_ERROR;
				CLANG_WARN_DOCUMENTATION_COMMENTS = YES;
				CLANG_WARN_EMPTY_BODY = YES;
				CLANG_WARN_ENUM_CONVERSION = YES;
				CLANG_WARN_INFINITE_RECURSION = YES;
				CLANG_WARN_INT_CONVERSION = YES;
				CLANG_WARN_NON_LITERAL_NULL_CONVERSION = YES;
				CLANG_WARN_OBJC_IMPLICIT_RETAIN_SELF = YES;
				CLANG_WARN_OBJC_LITERAL_CONVERSION = YES;
				CLANG_WARN_OBJC_ROOT_CLASS = YES_ERROR;
				CLANG_WARN_QUOTED_INCLUDE_IN_FRAMEWORK_HEADER = YES;
				CLANG_WARN_RANGE_LOOP_ANALYSIS = YES;
				CLANG_WARN_STRICT_PROTOTYPES = YES;
				CLANG_WARN_SUSPICIOUS_MOVE = YES;
				CLANG_WARN_UNGUARDED_AVAILABILITY = YES_AGGRESSIVE;
				CLANG_WARN_UNREACHABLE_CODE = YES;
				CLANG_WARN__DUPLICATE_METHOD_MATCH = YES;
				COPY_PHASE_STRIP = NO;
				DEBUG_INFORMATION_FORMAT = dwarf;
				ENABLE_STRICT_OBJC_MSGSEND = YES;
				ENABLE_TESTABILITY = YES;
				GCC_C_LANGUAGE_STANDARD = gnu11;
				GCC_DYNAMIC_NO_PIC = NO;
				GCC_NO_COMMON_BLOCKS = YES;
				GCC_OPTIMIZATION_LEVEL = 0;
				GCC_PREPROCESSOR_DEFINITIONS = (
					"DEBUG=1",
					"$(inherited)",
				);
				GCC_WARN_64_TO_32_BIT_CONVERSION = YES;
				GCC_WARN_ABOUT_RETURN_TYPE = YES_ERROR;
				GCC_WARN_UNDECLARED_SELECTOR = YES;
				GCC_WARN_UNINITIALIZED_AUTOS = YES_AGGRESSIVE;
				GCC_WARN_UNUSED_FUNCTION = YES;
				GCC_WARN_UNUSED_VARIABLE = YES;
				IPHONEOS_DEPLOYMENT_TARGET = 14.5;
				MTL_ENABLE_DEBUG_INFO = INCLUDE_SOURCE;
				MTL_FAST_MATH = YES;
				ONLY_ACTIVE_ARCH = YES;
				SDKROOT = iphoneos;
				SWIFT_ACTIVE_COMPILATION_CONDITIONS = DEBUG;
				SWIFT_OPTIMIZATION_LEVEL = "-Onone";
			};
			name = Debug;
		};
		511BE18A275BAE8A001C3B1C /* Release */ = {
			isa = XCBuildConfiguration;
			buildSettings = {
				ALWAYS_SEARCH_USER_PATHS = NO;
				CLANG_ANALYZER_NONNULL = YES;
				CLANG_ANALYZER_NUMBER_OBJECT_CONVERSION = YES_AGGRESSIVE;
				CLANG_CXX_LANGUAGE_STANDARD = "gnu++14";
				CLANG_CXX_LIBRARY = "libc++";
				CLANG_ENABLE_MODULES = YES;
				CLANG_ENABLE_OBJC_ARC = YES;
				CLANG_ENABLE_OBJC_WEAK = YES;
				CLANG_WARN_BLOCK_CAPTURE_AUTORELEASING = YES;
				CLANG_WARN_BOOL_CONVERSION = YES;
				CLANG_WARN_COMMA = YES;
				CLANG_WARN_CONSTANT_CONVERSION = YES;
				CLANG_WARN_DEPRECATED_OBJC_IMPLEMENTATIONS = YES;
				CLANG_WARN_DIRECT_OBJC_ISA_USAGE = YES_ERROR;
				CLANG_WARN_DOCUMENTATION_COMMENTS = YES;
				CLANG_WARN_EMPTY_BODY = YES;
				CLANG_WARN_ENUM_CONVERSION = YES;
				CLANG_WARN_INFINITE_RECURSION = YES;
				CLANG_WARN_INT_CONVERSION = YES;
				CLANG_WARN_NON_LITERAL_NULL_CONVERSION = YES;
				CLANG_WARN_OBJC_IMPLICIT_RETAIN_SELF = YES;
				CLANG_WARN_OBJC_LITERAL_CONVERSION = YES;
				CLANG_WARN_OBJC_ROOT_CLASS = YES_ERROR;
				CLANG_WARN_QUOTED_INCLUDE_IN_FRAMEWORK_HEADER = YES;
				CLANG_WARN_RANGE_LOOP_ANALYSIS = YES;
				CLANG_WARN_STRICT_PROTOTYPES = YES;
				CLANG_WARN_SUSPICIOUS_MOVE = YES;
				CLANG_WARN_UNGUARDED_AVAILABILITY = YES_AGGRESSIVE;
				CLANG_WARN_UNREACHABLE_CODE = YES;
				CLANG_WARN__DUPLICATE_METHOD_MATCH = YES;
				COPY_PHASE_STRIP = NO;
				DEBUG_INFORMATION_FORMAT = "dwarf-with-dsym";
				ENABLE_NS_ASSERTIONS = NO;
				ENABLE_STRICT_OBJC_MSGSEND = YES;
				GCC_C_LANGUAGE_STANDARD = gnu11;
				GCC_NO_COMMON_BLOCKS = YES;
				GCC_WARN_64_TO_32_BIT_CONVERSION = YES;
				GCC_WARN_ABOUT_RETURN_TYPE = YES_ERROR;
				GCC_WARN_UNDECLARED_SELECTOR = YES;
				GCC_WARN_UNINITIALIZED_AUTOS = YES_AGGRESSIVE;
				GCC_WARN_UNUSED_FUNCTION = YES;
				GCC_WARN_UNUSED_VARIABLE = YES;
				IPHONEOS_DEPLOYMENT_TARGET = 14.5;
				MTL_ENABLE_DEBUG_INFO = NO;
				MTL_FAST_MATH = YES;
				SDKROOT = iphoneos;
				SWIFT_COMPILATION_MODE = wholemodule;
				SWIFT_OPTIMIZATION_LEVEL = "-O";
				VALIDATE_PRODUCT = YES;
			};
			name = Release;
		};
		511BE18C275BAE8A001C3B1C /* Debug */ = {
			isa = XCBuildConfiguration;
			buildSettings = {
				ASSETCATALOG_COMPILER_APPICON_NAME = AppIcon;
				ASSETCATALOG_COMPILER_GLOBAL_ACCENT_COLOR_NAME = AccentColor;
				CODE_SIGN_STYLE = Automatic;
				DEVELOPMENT_ASSET_PATHS = "\"Funseum/Preview Content\"";
				DEVELOPMENT_TEAM = QVLA257M3X;
				ENABLE_PREVIEWS = YES;
				INFOPLIST_FILE = Funseum/Info.plist;
				IPHONEOS_DEPLOYMENT_TARGET = 14.0;
				LD_RUNPATH_SEARCH_PATHS = (
					"$(inherited)",
					"@executable_path/Frameworks",
				);
				PRODUCT_BUNDLE_IDENTIFIER = sonpt.Funseum;
				PRODUCT_NAME = "$(TARGET_NAME)";
				SWIFT_VERSION = 5.0;
				TARGETED_DEVICE_FAMILY = "1,2";
			};
			name = Debug;
		};
		511BE18D275BAE8A001C3B1C /* Release */ = {
			isa = XCBuildConfiguration;
			buildSettings = {
				ASSETCATALOG_COMPILER_APPICON_NAME = AppIcon;
				ASSETCATALOG_COMPILER_GLOBAL_ACCENT_COLOR_NAME = AccentColor;
				CODE_SIGN_STYLE = Automatic;
				DEVELOPMENT_ASSET_PATHS = "\"Funseum/Preview Content\"";
				DEVELOPMENT_TEAM = QVLA257M3X;
				ENABLE_PREVIEWS = YES;
				INFOPLIST_FILE = Funseum/Info.plist;
				IPHONEOS_DEPLOYMENT_TARGET = 14.0;
				LD_RUNPATH_SEARCH_PATHS = (
					"$(inherited)",
					"@executable_path/Frameworks",
				);
				PRODUCT_BUNDLE_IDENTIFIER = sonpt.Funseum;
				PRODUCT_NAME = "$(TARGET_NAME)";
				SWIFT_VERSION = 5.0;
				TARGETED_DEVICE_FAMILY = "1,2";
			};
			name = Release;
		};
/* End XCBuildConfiguration section */

/* Begin XCConfigurationList section */
		511BE177275BAE89001C3B1C /* Build configuration list for PBXProject "Funseum" */ = {
			isa = XCConfigurationList;
			buildConfigurations = (
				511BE189275BAE8A001C3B1C /* Debug */,
				511BE18A275BAE8A001C3B1C /* Release */,
			);
			defaultConfigurationIsVisible = 0;
			defaultConfigurationName = Release;
		};
		511BE18B275BAE8A001C3B1C /* Build configuration list for PBXNativeTarget "Funseum" */ = {
			isa = XCConfigurationList;
			buildConfigurations = (
				511BE18C275BAE8A001C3B1C /* Debug */,
				511BE18D275BAE8A001C3B1C /* Release */,
			);
			defaultConfigurationIsVisible = 0;
			defaultConfigurationName = Release;
		};
/* End XCConfigurationList section */
	};
	rootObject = 511BE174275BAE89001C3B1C /* Project object */;
}
